
Microsoft Visual Studio Solution File, Format Version 12.00
# Visual Studio Version 16
VisualStudioVersion = 16.0.29920.165
MinimumVisualStudioVersion = 10.0.40219.1
Project("{FAE04EC0-301F-11D3-BF4B-00C04F79EFBC}") = "Test", "Test\Test.csproj", "{EA0B50EF-3CA0-46E9-929F-F75DA23AA2CC}"
EndProject
Global
	GlobalSection(SolutionConfigurationPlatforms) = preSolution
		Debug|Any CPU = Debug|Any CPU
		Release|Any CPU = Release|Any CPU
	EndGlobalSection
	GlobalSection(ProjectConfigurationPlatforms) = postSolution
		{EA0B50EF-3CA0-46E9-929F-F75DA23AA2CC}.Debug|Any CPU.ActiveCfg = Debug|Any CPU
		{EA0B50EF-3CA0-46E9-929F-F75DA23AA2CC}.Debug|Any CPU.Build.0 = Debug|Any CPU
		{EA0B50EF-3CA0-46E9-929F-F75DA23AA2CC}.Release|Any CPU.ActiveCfg = Release|Any CPU
		{EA0B50EF-3CA0-46E9-929F-F75DA23AA2CC}.Release|Any CPU.Build.0 = Release|Any CPU
	EndGlobalSection
	GlobalSection(SolutionProperties) = preSolution
		HideSolutionNode = FALSE
	EndGlobalSection
	GlobalSection(ExtensibilityGlobals) = postSolution
		SolutionGuid = {36B87637-2A75-4BAF-BEB1-9A790207A17C}
	EndGlobalSection
EndGlobal
